
Microsoft Visual Studio Solution File, Format Version 12.00
# Visual Studio Version 17
VisualStudioVersion = 17.5.002.0
MinimumVisualStudioVersion = 10.0.40219.1
Project("{2150E333-8FDC-42A3-9474-1A3956D46DE8}") = "src", "src", "{0CA1BDC8-66CD-48F6-8EE0-52E4F4C9E79E}"
EndProject
Project("{9A19103F-16F7-4668-BE54-9A1E7A4F7556}") = "EsepWebhooks", "src\EsepWebhooks\EsepWebhooks.csproj", "{F1AE65EF-8F55-42C8-8736-EE3652487A07}"
EndProject
Project("{2150E333-8FDC-42A3-9474-1A3956D46DE8}") = "test", "test", "{FEFAD091-12E4-4DB6-803A-DC5DF746E0AD}"
EndProject
Project("{9A19103F-16F7-4668-BE54-9A1E7A4F7556}") = "EsepWebhooks.Tests", "test\EsepWebhooks.Tests\EsepWebhooks.Tests.csproj", "{210E7FDF-FF58-4E88-95E5-E1FCE9C05E86}"
EndProject
Global
	GlobalSection(SolutionConfigurationPlatforms) = preSolution
		Debug|Any CPU = Debug|Any CPU
		Release|Any CPU = Release|Any CPU
	EndGlobalSection
	GlobalSection(ProjectConfigurationPlatforms) = postSolution
		{F1AE65EF-8F55-42C8-8736-EE3652487A07}.Debug|Any CPU.ActiveCfg = Debug|Any CPU
		{F1AE65EF-8F55-42C8-8736-EE3652487A07}.Debug|Any CPU.Build.0 = Debug|Any CPU
		{F1AE65EF-8F55-42C8-8736-EE3652487A07}.Release|Any CPU.ActiveCfg = Release|Any CPU
		{F1AE65EF-8F55-42C8-8736-EE3652487A07}.Release|Any CPU.Build.0 = Release|Any CPU
		{210E7FDF-FF58-4E88-95E5-E1FCE9C05E86}.Debug|Any CPU.ActiveCfg = Debug|Any CPU
		{210E7FDF-FF58-4E88-95E5-E1FCE9C05E86}.Debug|Any CPU.Build.0 = Debug|Any CPU
		{210E7FDF-FF58-4E88-95E5-E1FCE9C05E86}.Release|Any CPU.ActiveCfg = Release|Any CPU
		{210E7FDF-FF58-4E88-95E5-E1FCE9C05E86}.Release|Any CPU.Build.0 = Release|Any CPU
	EndGlobalSection
	GlobalSection(SolutionProperties) = preSolution
		HideSolutionNode = FALSE
	EndGlobalSection
	GlobalSection(NestedProjects) = preSolution
		{F1AE65EF-8F55-42C8-8736-EE3652487A07} = {0CA1BDC8-66CD-48F6-8EE0-52E4F4C9E79E}
		{210E7FDF-FF58-4E88-95E5-E1FCE9C05E86} = {FEFAD091-12E4-4DB6-803A-DC5DF746E0AD}
	EndGlobalSection
	GlobalSection(ExtensibilityGlobals) = postSolution
		SolutionGuid = {A221EA4F-9484-49A9-A323-5A63DF506E54}
	EndGlobalSection
EndGlobal
